Microsoft Visual Studio Solution File, Format Version 11.00
# Visual Studio 2008

Project("{49B54F25-C69E-8F6B-9AD0-7109AAD77357}") = "look around the room", "Assembly-CSharp.csproj", "{46870A15-7D82-3CC6-F60F-DEE074C30A37}"
EndProject
Project("{49B54F25-C69E-8F6B-9AD0-7109AAD77357}") = "look around the room", "Assembly-CSharp-Editor.csproj", "{75A487AC-0ED6-BAA2-2FEC-2F8C3FC9E6E2}"
EndProject
Global
	GlobalSection(SolutionConfigurationPlatforms) = preSolution
		Debug|Any CPU = Debug|Any CPU
		Release|Any CPU = Release|Any CPU
	EndGlobalSection
	GlobalSection(ProjectConfigurationPlatforms) = postSolution
		{46870A15-7D82-3CC6-F60F-DEE074C30A37}.Debug|Any CPU.ActiveCfg = Debug|Any CPU
		{46870A15-7D82-3CC6-F60F-DEE074C30A37}.Debug|Any CPU.Build.0 = Debug|Any CPU
		{46870A15-7D82-3CC6-F60F-DEE074C30A37}.Release|Any CPU.ActiveCfg = Release|Any CPU
		{46870A15-7D82-3CC6-F60F-DEE074C30A37}.Release|Any CPU.Build.0 = Release|Any CPU
		{75A487AC-0ED6-BAA2-2FEC-2F8C3FC9E6E2}.Debug|Any CPU.ActiveCfg = Debug|Any CPU
		{75A487AC-0ED6-BAA2-2FEC-2F8C3FC9E6E2}.Debug|Any CPU.Build.0 = Debug|Any CPU
		{75A487AC-0ED6-BAA2-2FEC-2F8C3FC9E6E2}.Release|Any CPU.ActiveCfg = Release|Any CPU
		{75A487AC-0ED6-BAA2-2FEC-2F8C3FC9E6E2}.Release|Any CPU.Build.0 = Release|Any CPU
	EndGlobalSection
	GlobalSection(SolutionProperties) = preSolution
		HideSolutionNode = FALSE
	EndGlobalSection
	GlobalSection(MonoDevelopProperties) = preSolution
		StartupItem = Assembly-CSharp.csproj
	EndGlobalSection
EndGlobal
